
Microsoft Visual Studio Solution File, Format Version 12.00
# Visual Studio Version 17
VisualStudioVersion = 17.13.35825.156 d17.13
MinimumVisualStudioVersion = 10.0.40219.1
Project("{FAE04EC0-301F-11D3-BF4B-00C04F79EFBC}") = "ArvoreBinariaApp", "ArvoreBinariaApp.csproj", "{37903EC2-6B65-4B1F-145A-626F6EC2B8F4}"
EndProject
Global
	GlobalSection(SolutionConfigurationPlatforms) = preSolution
		Debug|Any CPU = Debug|Any CPU
		Release|Any CPU = Release|Any CPU
	EndGlobalSection
	GlobalSection(ProjectConfigurationPlatforms) = postSolution
		{37903EC2-6B65-4B1F-145A-626F6EC2B8F4}.Debug|Any CPU.ActiveCfg = Debug|Any CPU
		{37903EC2-6B65-4B1F-145A-626F6EC2B8F4}.Debug|Any CPU.Build.0 = Debug|Any CPU
		{37903EC2-6B65-4B1F-145A-626F6EC2B8F4}.Release|Any CPU.ActiveCfg = Release|Any CPU
		{37903EC2-6B65-4B1F-145A-626F6EC2B8F4}.Release|Any CPU.Build.0 = Release|Any CPU
	EndGlobalSection
	GlobalSection(SolutionProperties) = preSolution
		HideSolutionNode = FALSE
	EndGlobalSection
	GlobalSection(ExtensibilityGlobals) = postSolution
		SolutionGuid = {898FB998-7D79-4587-9294-13DC8B251D4C}
	EndGlobalSection
EndGlobal
